
Microsoft Visual Studio Solution File, Format Version 12.00
# Visual Studio Version 17
VisualStudioVersion = 17.4.33213.308
MinimumVisualStudioVersion = 10.0.40219.1
Project("{FAE04EC0-301F-11D3-BF4B-00C04F79EFBC}") = "Assignment3_Sebastian_Latka", "Assignment3_Sebastian_Latka.csproj", "{BB4E7EDB-8421-4C22-BB44-E9A7ECF61138}"
EndProject
Global
	GlobalSection(SolutionConfigurationPlatforms) = preSolution
		Debug|Any CPU = Debug|Any CPU
		Release|Any CPU = Release|Any CPU
	EndGlobalSection
	GlobalSection(ProjectConfigurationPlatforms) = postSolution
		{BB4E7EDB-8421-4C22-BB44-E9A7ECF61138}.Debug|Any CPU.ActiveCfg = Debug|Any CPU
		{BB4E7EDB-8421-4C22-BB44-E9A7ECF61138}.Debug|Any CPU.Build.0 = Debug|Any CPU
		{BB4E7EDB-8421-4C22-BB44-E9A7ECF61138}.Release|Any CPU.ActiveCfg = Release|Any CPU
		{BB4E7EDB-8421-4C22-BB44-E9A7ECF61138}.Release|Any CPU.Build.0 = Release|Any CPU
	EndGlobalSection
	GlobalSection(SolutionProperties) = preSolution
		HideSolutionNode = FALSE
	EndGlobalSection
	GlobalSection(ExtensibilityGlobals) = postSolution
		SolutionGuid = {81F795B8-7658-4F2B-B1B2-FF885604FA84}
	EndGlobalSection
EndGlobal
